Microsoft Visual Studio Solution File, Format Version 9.00
# Visual Studio 2005
Project("{8BC9CEB8-8B4A-11D0-8D11-00A0C91BC942}") = "WPhast", "WPhast.vcproj", "{A7CB3EF2-FCFD-4E6C-98A8-C6EFCD35955C}"
EndProject
Global
	GlobalSection(SolutionConfigurationPlatforms) = preSolution
		AutoDebug|Win32 = AutoDebug|Win32
		AutoRelease|Win32 = AutoRelease|Win32
		cppunit|Win32 = cppunit|Win32
		cppunit4.4|Win32 = cppunit4.4|Win32
		Debug|Win32 = Debug|Win32
		Release|Win32 = Release|Win32
		vtkMemDebug|Win32 = vtkMemDebug|Win32
	EndGlobalSection
	GlobalSection(ProjectConfigurationPlatforms) = postSolution
		{A7CB3EF2-FCFD-4E6C-98A8-C6EFCD35955C}.AutoDebug|Win32.ActiveCfg = AutoDebug|Win32
		{A7CB3EF2-FCFD-4E6C-98A8-C6EFCD35955C}.AutoDebug|Win32.Build.0 = AutoDebug|Win32
		{A7CB3EF2-FCFD-4E6C-98A8-C6EFCD35955C}.AutoRelease|Win32.ActiveCfg = AutoRelease|Win32
		{A7CB3EF2-FCFD-4E6C-98A8-C6EFCD35955C}.AutoRelease|Win32.Build.0 = AutoRelease|Win32
		{A7CB3EF2-FCFD-4E6C-98A8-C6EFCD35955C}.cppunit|Win32.ActiveCfg = cppunit|Win32
		{A7CB3EF2-FCFD-4E6C-98A8-C6EFCD35955C}.cppunit|Win32.Build.0 = cppunit|Win32
		{A7CB3EF2-FCFD-4E6C-98A8-C6EFCD35955C}.cppunit4.4|Win32.ActiveCfg = cppunit4.4|Win32
		{A7CB3EF2-FCFD-4E6C-98A8-C6EFCD35955C}.cppunit4.4|Win32.Build.0 = cppunit4.4|Win32
		{A7CB3EF2-FCFD-4E6C-98A8-C6EFCD35955C}.Debug|Win32.ActiveCfg = Debug|Win32
		{A7CB3EF2-FCFD-4E6C-98A8-C6EFCD35955C}.Debug|Win32.Build.0 = Debug|Win32
		{A7CB3EF2-FCFD-4E6C-98A8-C6EFCD35955C}.Release|Win32.ActiveCfg = Release|Win32
		{A7CB3EF2-FCFD-4E6C-98A8-C6EFCD35955C}.Release|Win32.Build.0 = Release|Win32
		{A7CB3EF2-FCFD-4E6C-98A8-C6EFCD35955C}.vtkMemDebug|Win32.ActiveCfg = vtkMemDebug|Win32
		{A7CB3EF2-FCFD-4E6C-98A8-C6EFCD35955C}.vtkMemDebug|Win32.Build.0 = vtkMemDebug|Win32
	EndGlobalSection
	GlobalSection(SolutionProperties) = preSolution
		HideSolutionNode = FALSE
	EndGlobalSection
EndGlobal
