Microsoft Visual Studio Solution File, Format Version 7.00
Project("{8BC9CEB8-8B4A-11D0-8D11-00A0C91BC942}") = "WPhast", "WPhast.vcproj", "{A7CB3EF2-FCFD-4E6C-98A8-C6EFCD35955C}"
EndProject
Global
	GlobalSection(SolutionConfiguration) = preSolution
		ConfigName.0 = AutoDebug
		ConfigName.1 = AutoRelease
		ConfigName.2 = cppunit
		ConfigName.3 = cppunit4.4
		ConfigName.4 = Debug
		ConfigName.5 = Release
		ConfigName.6 = vtkMemDebug
	EndGlobalSection
	GlobalSection(ProjectDependencies) = postSolution
	EndGlobalSection
	GlobalSection(ProjectConfiguration) = postSolution
		{A7CB3EF2-FCFD-4E6C-98A8-C6EFCD35955C}.AutoDebug.ActiveCfg = AutoDebug|Win32
		{A7CB3EF2-FCFD-4E6C-98A8-C6EFCD35955C}.AutoDebug.Build.0 = AutoDebug|Win32
		{A7CB3EF2-FCFD-4E6C-98A8-C6EFCD35955C}.AutoRelease.ActiveCfg = AutoRelease|Win32
		{A7CB3EF2-FCFD-4E6C-98A8-C6EFCD35955C}.AutoRelease.Build.0 = AutoRelease|Win32
		{A7CB3EF2-FCFD-4E6C-98A8-C6EFCD35955C}.cppunit.ActiveCfg = cppunit|Win32
		{A7CB3EF2-FCFD-4E6C-98A8-C6EFCD35955C}.cppunit.Build.0 = cppunit|Win32
		{A7CB3EF2-FCFD-4E6C-98A8-C6EFCD35955C}.cppunit4.4.ActiveCfg = cppunit4.4|Win32
		{A7CB3EF2-FCFD-4E6C-98A8-C6EFCD35955C}.cppunit4.4.Build.0 = cppunit4.4|Win32
		{A7CB3EF2-FCFD-4E6C-98A8-C6EFCD35955C}.Debug.ActiveCfg = Debug|Win32
		{A7CB3EF2-FCFD-4E6C-98A8-C6EFCD35955C}.Debug.Build.0 = Debug|Win32
		{A7CB3EF2-FCFD-4E6C-98A8-C6EFCD35955C}.Release.ActiveCfg = Release|Win32
		{A7CB3EF2-FCFD-4E6C-98A8-C6EFCD35955C}.Release.Build.0 = Release|Win32
		{A7CB3EF2-FCFD-4E6C-98A8-C6EFCD35955C}.vtkMemDebug.ActiveCfg = vtkMemDebug|Win32
		{A7CB3EF2-FCFD-4E6C-98A8-C6EFCD35955C}.vtkMemDebug.Build.0 = vtkMemDebug|Win32
	EndGlobalSection
	GlobalSection(ExtensibilityGlobals) = postSolution
	EndGlobalSection
	GlobalSection(ExtensibilityAddIns) = postSolution
	EndGlobalSection
EndGlobal
